
Microsoft Visual Studio Solution File, Format Version 12.00
# Visual Studio Version 17
VisualStudioVersion = 17.6.33617.297
MinimumVisualStudioVersion = 10.0.40219.1
Project("{9A19103F-16F7-4668-BE54-9A1E7A4F7556}") = "wan24-Crypto-BC", "wan24-Crypto-BC\wan24-Crypto-BC.csproj", "{38A09813-9820-44BC-9189-7BE69DDEBC1B}"
EndProject
Project("{9A19103F-16F7-4668-BE54-9A1E7A4F7556}") = "wan24-Crypto-BC Tests", "wan24-Crypto-BC Tests\wan24-Crypto-BC Tests.csproj", "{19293508-BC9C-4429-AB47-270C3C7ACE78}"
EndProject
Project("{9A19103F-16F7-4668-BE54-9A1E7A4F7556}") = "wan24-Crypto-BC Docs", "wan24-Crypto-BC Docs\wan24-Crypto-BC Docs.csproj", "{02DC0681-9170-4421-AC4E-801AF746388F}"
EndProject
Global
	GlobalSection(SolutionConfigurationPlatforms) = preSolution
		Debug|Any CPU = Debug|Any CPU
		Release|Any CPU = Release|Any CPU
	EndGlobalSection
	GlobalSection(ProjectConfigurationPlatforms) = postSolution
		{38A09813-9820-44BC-9189-7BE69DDEBC1B}.Debug|Any CPU.ActiveCfg = Debug|Any CPU
		{38A09813-9820-44BC-9189-7BE69DDEBC1B}.Debug|Any CPU.Build.0 = Debug|Any CPU
		{38A09813-9820-44BC-9189-7BE69DDEBC1B}.Release|Any CPU.ActiveCfg = Release|Any CPU
		{38A09813-9820-44BC-9189-7BE69DDEBC1B}.Release|Any CPU.Build.0 = Release|Any CPU
		{19293508-BC9C-4429-AB47-270C3C7ACE78}.Debug|Any CPU.ActiveCfg = Debug|Any CPU
		{19293508-BC9C-4429-AB47-270C3C7ACE78}.Debug|Any CPU.Build.0 = Debug|Any CPU
		{19293508-BC9C-4429-AB47-270C3C7ACE78}.Release|Any CPU.ActiveCfg = Release|Any CPU
		{19293508-BC9C-4429-AB47-270C3C7ACE78}.Release|Any CPU.Build.0 = Release|Any CPU
		{02DC0681-9170-4421-AC4E-801AF746388F}.Debug|Any CPU.ActiveCfg = Debug|Any CPU
		{02DC0681-9170-4421-AC4E-801AF746388F}.Debug|Any CPU.Build.0 = Debug|Any CPU
		{02DC0681-9170-4421-AC4E-801AF746388F}.Release|Any CPU.ActiveCfg = Release|Any CPU
		{02DC0681-9170-4421-AC4E-801AF746388F}.Release|Any CPU.Build.0 = Release|Any CPU
	EndGlobalSection
	GlobalSection(SolutionProperties) = preSolution
		HideSolutionNode = FALSE
	EndGlobalSection
	GlobalSection(ExtensibilityGlobals) = postSolution
		SolutionGuid = {27F0CF2F-65DE-4E39-9D87-5632FA3F15CF}
	EndGlobalSection
EndGlobal
