
Microsoft Visual Studio Solution File, Format Version 12.00
# Visual Studio Version 17
VisualStudioVersion = 17.6.33617.297
MinimumVisualStudioVersion = 10.0.40219.1
Project("{9A19103F-16F7-4668-BE54-9A1E7A4F7556}") = "wan24-Crypto-BC", "wan24-Crypto-BC\wan24-Crypto-BC.csproj", "{38A09813-9820-44BC-9189-7BE69DDEBC1B}"
EndProject
Project("{9A19103F-16F7-4668-BE54-9A1E7A4F7556}") = "wan24-Crypto-BC Tests", "wan24-Crypto-BC Tests\wan24-Crypto-BC Tests.csproj", "{19293508-BC9C-4429-AB47-270C3C7ACE78}"
EndProject
Project("{9A19103F-16F7-4668-BE54-9A1E7A4F7556}") = "wan24-Crypto-BC Docs", "wan24-Crypto-BC Docs\wan24-Crypto-BC Docs.csproj", "{02DC0681-9170-4421-AC4E-801AF746388F}"
EndProject
Project("{9A19103F-16F7-4668-BE54-9A1E7A4F7556}") = "Wan24-Core", "..\..\wan24-Core\src\Wan24-Core\Wan24-Core.csproj", "{678B09FC-7C24-4801-AF72-1800E4C7CD38}"
EndProject
Project("{9A19103F-16F7-4668-BE54-9A1E7A4F7556}") = "wan24-Crypto", "..\..\wan24-Crypto\src\wan24-Crypto\wan24-Crypto.csproj", "{C77DD1B2-571E-4BA2-94E7-7F9073F084B9}"
EndProject
Project("{9A19103F-16F7-4668-BE54-9A1E7A4F7556}") = "wan24-Compression", "..\..\wan24-Compression\src\wan24-Compression\wan24-Compression.csproj", "{D1EFBD7D-2321-403D-AE88-586E4BB6D455}"
EndProject
Project("{9A19103F-16F7-4668-BE54-9A1E7A4F7556}") = "ObjectValidation", "..\..\ObjectValidation\src\ObjectValidation\ObjectValidation.csproj", "{2490B026-D9E6-4A5D-830D-CDA9F85A984C}"
EndProject
Project("{9A19103F-16F7-4668-BE54-9A1E7A4F7556}") = "Stream-Serializer-Extensions", "..\..\Stream-Serializer-Extensions\src\Stream-Serializer-Extensions\Stream-Serializer-Extensions.csproj", "{21705885-E17E-4265-9CE7-C00AB7FB63B0}"
EndProject
Project("{9A19103F-16F7-4668-BE54-9A1E7A4F7556}") = "MappingObject", "..\..\Mapping-Object\src\MappingObject\MappingObject.csproj", "{2668557E-CAD7-44CA-921A-A5A6329906D4}"
EndProject
Global
	GlobalSection(SolutionConfigurationPlatforms) = preSolution
		Debug|Any CPU = Debug|Any CPU
		Release|Any CPU = Release|Any CPU
		Trunk|Any CPU = Trunk|Any CPU
	EndGlobalSection
	GlobalSection(ProjectConfigurationPlatforms) = postSolution
		{38A09813-9820-44BC-9189-7BE69DDEBC1B}.Debug|Any CPU.ActiveCfg = Debug|Any CPU
		{38A09813-9820-44BC-9189-7BE69DDEBC1B}.Debug|Any CPU.Build.0 = Debug|Any CPU
		{38A09813-9820-44BC-9189-7BE69DDEBC1B}.Release|Any CPU.ActiveCfg = Release|Any CPU
		{38A09813-9820-44BC-9189-7BE69DDEBC1B}.Release|Any CPU.Build.0 = Release|Any CPU
		{38A09813-9820-44BC-9189-7BE69DDEBC1B}.Trunk|Any CPU.ActiveCfg = Trunk|Any CPU
		{38A09813-9820-44BC-9189-7BE69DDEBC1B}.Trunk|Any CPU.Build.0 = Trunk|Any CPU
		{19293508-BC9C-4429-AB47-270C3C7ACE78}.Debug|Any CPU.ActiveCfg = Debug|Any CPU
		{19293508-BC9C-4429-AB47-270C3C7ACE78}.Debug|Any CPU.Build.0 = Debug|Any CPU
		{19293508-BC9C-4429-AB47-270C3C7ACE78}.Release|Any CPU.ActiveCfg = Release|Any CPU
		{19293508-BC9C-4429-AB47-270C3C7ACE78}.Release|Any CPU.Build.0 = Release|Any CPU
		{19293508-BC9C-4429-AB47-270C3C7ACE78}.Trunk|Any CPU.ActiveCfg = Trunk|Any CPU
		{19293508-BC9C-4429-AB47-270C3C7ACE78}.Trunk|Any CPU.Build.0 = Trunk|Any CPU
		{02DC0681-9170-4421-AC4E-801AF746388F}.Debug|Any CPU.ActiveCfg = Debug|Any CPU
		{02DC0681-9170-4421-AC4E-801AF746388F}.Debug|Any CPU.Build.0 = Debug|Any CPU
		{02DC0681-9170-4421-AC4E-801AF746388F}.Release|Any CPU.ActiveCfg = Release|Any CPU
		{02DC0681-9170-4421-AC4E-801AF746388F}.Release|Any CPU.Build.0 = Release|Any CPU
		{02DC0681-9170-4421-AC4E-801AF746388F}.Trunk|Any CPU.ActiveCfg = Trunk|Any CPU
		{02DC0681-9170-4421-AC4E-801AF746388F}.Trunk|Any CPU.Build.0 = Trunk|Any CPU
		{678B09FC-7C24-4801-AF72-1800E4C7CD38}.Debug|Any CPU.ActiveCfg = Debug|Any CPU
		{678B09FC-7C24-4801-AF72-1800E4C7CD38}.Release|Any CPU.ActiveCfg = Release|Any CPU
		{678B09FC-7C24-4801-AF72-1800E4C7CD38}.Trunk|Any CPU.ActiveCfg = Debug|Any CPU
		{C77DD1B2-571E-4BA2-94E7-7F9073F084B9}.Debug|Any CPU.ActiveCfg = Debug|Any CPU
		{C77DD1B2-571E-4BA2-94E7-7F9073F084B9}.Release|Any CPU.ActiveCfg = Release|Any CPU
		{C77DD1B2-571E-4BA2-94E7-7F9073F084B9}.Trunk|Any CPU.ActiveCfg = Debug|Any CPU
		{D1EFBD7D-2321-403D-AE88-586E4BB6D455}.Debug|Any CPU.ActiveCfg = Debug|Any CPU
		{D1EFBD7D-2321-403D-AE88-586E4BB6D455}.Release|Any CPU.ActiveCfg = Release|Any CPU
		{D1EFBD7D-2321-403D-AE88-586E4BB6D455}.Trunk|Any CPU.ActiveCfg = Debug|Any CPU
		{2490B026-D9E6-4A5D-830D-CDA9F85A984C}.Debug|Any CPU.ActiveCfg = Debug|Any CPU
		{2490B026-D9E6-4A5D-830D-CDA9F85A984C}.Release|Any CPU.ActiveCfg = Release|Any CPU
		{2490B026-D9E6-4A5D-830D-CDA9F85A984C}.Trunk|Any CPU.ActiveCfg = Debug|Any CPU
		{21705885-E17E-4265-9CE7-C00AB7FB63B0}.Debug|Any CPU.ActiveCfg = Debug|Any CPU
		{21705885-E17E-4265-9CE7-C00AB7FB63B0}.Release|Any CPU.ActiveCfg = Release|Any CPU
		{21705885-E17E-4265-9CE7-C00AB7FB63B0}.Trunk|Any CPU.ActiveCfg = Debug|Any CPU
		{2668557E-CAD7-44CA-921A-A5A6329906D4}.Debug|Any CPU.ActiveCfg = Debug|Any CPU
		{2668557E-CAD7-44CA-921A-A5A6329906D4}.Release|Any CPU.ActiveCfg = Release|Any CPU
		{2668557E-CAD7-44CA-921A-A5A6329906D4}.Trunk|Any CPU.ActiveCfg = Debug|Any CPU
	EndGlobalSection
	GlobalSection(SolutionProperties) = preSolution
		HideSolutionNode = FALSE
	EndGlobalSection
	GlobalSection(ExtensibilityGlobals) = postSolution
		SolutionGuid = {27F0CF2F-65DE-4E39-9D87-5632FA3F15CF}
	EndGlobalSection
EndGlobal
